
Microsoft Visual Studio Solution File, Format Version 12.00
Project("{2150E333-8FDC-42A3-9474-1A3956D46DE8}") = "Authentication", "Authentication", "{7570933A-768A-4188-8F6D-40052AD68A38}"
EndProject
Project("{FAE04EC0-301F-11D3-BF4B-00C04F79EFBC}") = "Authentication.Domain", "src\Authentication\Authentication.Domain\Authentication.Domain.csproj", "{CE96D35B-9643-4D9B-8CB9-0D4B39813FF4}"
EndProject
Project("{FAE04EC0-301F-11D3-BF4B-00C04F79EFBC}") = "Authentication.Application", "src\Authentication\Authentication.Application\Authentication.Application.csproj", "{ECE8C418-9246-4648-837D-FCF1631EDF1F}"
EndProject
Project("{FAE04EC0-301F-11D3-BF4B-00C04F79EFBC}") = "Authentication.Infrastructure", "src\Authentication\Authentication.Infrastructure\Authentication.Infrastructure.csproj", "{205EE41B-F1F2-4A9A-8C68-03F413A603FB}"
EndProject
Project("{FAE04EC0-301F-11D3-BF4B-00C04F79EFBC}") = "Shared", "src\Shared\Shared.csproj", "{FE03026A-6893-4A44-BB7F-2BBCF5EF1071}"
EndProject
Project("{2150E333-8FDC-42A3-9474-1A3956D46DE8}") = "Profile", "Profile", "{62357915-906F-4766-A794-E6A6DD59CF9E}"
EndProject
Project("{2150E333-8FDC-42A3-9474-1A3956D46DE8}") = "Email", "Email", "{FB4C8D64-AFA0-48C0-83E0-C55B3F1FE7E0}"
EndProject
Project("{FAE04EC0-301F-11D3-BF4B-00C04F79EFBC}") = "Authentication.API", "src\Authentication\Authentication.API\Authentication.API.csproj", "{A17A6721-6A20-4D47-858F-494136222867}"
EndProject
Project("{FAE04EC0-301F-11D3-BF4B-00C04F79EFBC}") = "Profile.API", "src\Profile\Profile.API\Profile.API.csproj", "{DB8AAD02-F53A-48EB-8B0D-B7FB5BC7A82C}"
EndProject
Project("{FAE04EC0-301F-11D3-BF4B-00C04F79EFBC}") = "Gateway", "src\Gateway\Gateway.csproj", "{8BAD48ED-7ADF-4201-B588-9DA920E30AE6}"
EndProject
Project("{FAE04EC0-301F-11D3-BF4B-00C04F79EFBC}") = "Profile.Application", "src\Profile\Profile.Application\Profile.Application.csproj", "{B490A4C2-D223-4498-840E-56AD209DD4E4}"
EndProject
Project("{FAE04EC0-301F-11D3-BF4B-00C04F79EFBC}") = "Profile.Domain", "src\Profile\Profile.Domain\Profile.Domain.csproj", "{A930658A-0F9B-4969-9D7B-CCA255B4B978}"
EndProject
Project("{FAE04EC0-301F-11D3-BF4B-00C04F79EFBC}") = "Profile.Infrastructure", "src\Profile\Profile.Infrastructure\Profile.Infrastructure.csproj", "{F41D82DA-DDA1-4ADD-BA76-CAAB2259A5FA}"
EndProject
Project("{2150E333-8FDC-42A3-9474-1A3956D46DE8}") = "User", "User", "{ADB72AE1-027F-4589-A6AB-AD50ADE3F3ED}"
EndProject
Project("{FAE04EC0-301F-11D3-BF4B-00C04F79EFBC}") = "User.Domain", "src\User\User.Domain\User.Domain.csproj", "{D04ADD85-B470-420A-9597-B981DFB1DCD9}"
EndProject
Project("{FAE04EC0-301F-11D3-BF4B-00C04F79EFBC}") = "User.Application", "src\User\User.Application\User.Application.csproj", "{0140C76C-A753-4D30-91FA-4E7A86AA46F8}"
EndProject
Project("{FAE04EC0-301F-11D3-BF4B-00C04F79EFBC}") = "User.Infrastructure", "src\User\User.Infrastructure\User.Infrastructure.csproj", "{0242B127-24D0-4A56-A2FD-3964C9A63A1F}"
EndProject
Project("{FAE04EC0-301F-11D3-BF4B-00C04F79EFBC}") = "User.API", "src\User\User.API\User.API.csproj", "{29EA41C9-7BA6-4B0C-85A6-6444BE7770D3}"
EndProject
Project("{FAE04EC0-301F-11D3-BF4B-00C04F79EFBC}") = "Email.API", "src\Email\Email.API\Email.API.csproj", "{C140F6A3-C25D-42CB-9E86-CDBF966E7FED}"
EndProject
Project("{FAE04EC0-301F-11D3-BF4B-00C04F79EFBC}") = "Email.Domain", "src\Email\Email.Domain\Email.Domain.csproj", "{DF8DCF62-5B5C-4CDA-AD2A-77490877798F}"
EndProject
Project("{FAE04EC0-301F-11D3-BF4B-00C04F79EFBC}") = "Email.Application", "src\Email\Email.Application\Email.Application.csproj", "{1F0A09C8-AC8D-4F7F-9FBD-DAA2704231AA}"
EndProject
Project("{FAE04EC0-301F-11D3-BF4B-00C04F79EFBC}") = "Email.Infrastructure", "src\Email\Email.Infrastructure\Email.Infrastructure.csproj", "{6B436091-58E9-4D89-A233-72755FD78320}"
EndProject
Project("{2150E333-8FDC-42A3-9474-1A3956D46DE8}") = "Preferences", "Preferences", "{3D893769-CDB4-49B7-8694-645B757A6006}"
EndProject
Project("{2150E333-8FDC-42A3-9474-1A3956D46DE8}") = "Storage", "Storage", "{35670B97-8E88-4A57-AA1A-D6AF315928CC}"
EndProject
Project("{FAE04EC0-301F-11D3-BF4B-00C04F79EFBC}") = "Preferences.API", "src\Preferences\Preferences.API\Preferences.API.csproj", "{0775D84D-E7AE-40CC-BC9C-D5C1CB31F2EE}"
EndProject
Project("{FAE04EC0-301F-11D3-BF4B-00C04F79EFBC}") = "Preferences.Domain", "src\Preferences\Preferences.Domain\Preferences.Domain.csproj", "{7EDE8D32-8F91-48EC-849C-A081E9D74F1A}"
EndProject
Project("{FAE04EC0-301F-11D3-BF4B-00C04F79EFBC}") = "Preferences.Application", "src\Preferences\Preferences.Application\Preferences.Application.csproj", "{8943A045-8AEE-4E6B-89ED-62339A741D68}"
EndProject
Project("{FAE04EC0-301F-11D3-BF4B-00C04F79EFBC}") = "Preferences.Infrastructure", "src\Preferences\Preferences.Infrastructure\Preferences.Infrastructure.csproj", "{36B4C6D0-FF0D-479B-9A20-B0622B1E3529}"
EndProject
Project("{FAE04EC0-301F-11D3-BF4B-00C04F79EFBC}") = "Storage.Domain", "src\Storage\Storage.Domain\Storage.Domain.csproj", "{B35B115A-ED83-4608-B30E-CF6CCD15AAC6}"
EndProject
Project("{FAE04EC0-301F-11D3-BF4B-00C04F79EFBC}") = "Storage.Application", "src\Storage\Storage.Application\Storage.Application.csproj", "{390DD95C-7E9A-4DC6-86C1-531A77DD74F5}"
EndProject
Project("{FAE04EC0-301F-11D3-BF4B-00C04F79EFBC}") = "Storage.Infrastructure", "src\Storage\Storage.Infrastructure\Storage.Infrastructure.csproj", "{ADA76036-A1DE-472B-A00F-D9C11E0EFFDC}"
EndProject
Project("{FAE04EC0-301F-11D3-BF4B-00C04F79EFBC}") = "Storage.API", "src\Storage\Storage.API\Storage.API.csproj", "{26C512EF-CA61-45C4-A433-2FF2D20E8AC4}"
EndProject
Global
	GlobalSection(SolutionConfigurationPlatforms) = preSolution
		Debug|Any CPU = Debug|Any CPU
		Release|Any CPU = Release|Any CPU
	EndGlobalSection
	GlobalSection(ProjectConfigurationPlatforms) = postSolution
		{CE96D35B-9643-4D9B-8CB9-0D4B39813FF4}.Debug|Any CPU.ActiveCfg = Debug|Any CPU
		{CE96D35B-9643-4D9B-8CB9-0D4B39813FF4}.Debug|Any CPU.Build.0 = Debug|Any CPU
		{CE96D35B-9643-4D9B-8CB9-0D4B39813FF4}.Release|Any CPU.ActiveCfg = Release|Any CPU
		{CE96D35B-9643-4D9B-8CB9-0D4B39813FF4}.Release|Any CPU.Build.0 = Release|Any CPU
		{ECE8C418-9246-4648-837D-FCF1631EDF1F}.Debug|Any CPU.ActiveCfg = Debug|Any CPU
		{ECE8C418-9246-4648-837D-FCF1631EDF1F}.Debug|Any CPU.Build.0 = Debug|Any CPU
		{ECE8C418-9246-4648-837D-FCF1631EDF1F}.Release|Any CPU.ActiveCfg = Release|Any CPU
		{ECE8C418-9246-4648-837D-FCF1631EDF1F}.Release|Any CPU.Build.0 = Release|Any CPU
		{205EE41B-F1F2-4A9A-8C68-03F413A603FB}.Debug|Any CPU.ActiveCfg = Debug|Any CPU
		{205EE41B-F1F2-4A9A-8C68-03F413A603FB}.Debug|Any CPU.Build.0 = Debug|Any CPU
		{205EE41B-F1F2-4A9A-8C68-03F413A603FB}.Release|Any CPU.ActiveCfg = Release|Any CPU
		{205EE41B-F1F2-4A9A-8C68-03F413A603FB}.Release|Any CPU.Build.0 = Release|Any CPU
		{FE03026A-6893-4A44-BB7F-2BBCF5EF1071}.Debug|Any CPU.ActiveCfg = Debug|Any CPU
		{FE03026A-6893-4A44-BB7F-2BBCF5EF1071}.Debug|Any CPU.Build.0 = Debug|Any CPU
		{FE03026A-6893-4A44-BB7F-2BBCF5EF1071}.Release|Any CPU.ActiveCfg = Release|Any CPU
		{FE03026A-6893-4A44-BB7F-2BBCF5EF1071}.Release|Any CPU.Build.0 = Release|Any CPU
		{A17A6721-6A20-4D47-858F-494136222867}.Debug|Any CPU.ActiveCfg = Debug|Any CPU
		{A17A6721-6A20-4D47-858F-494136222867}.Debug|Any CPU.Build.0 = Debug|Any CPU
		{A17A6721-6A20-4D47-858F-494136222867}.Release|Any CPU.ActiveCfg = Release|Any CPU
		{A17A6721-6A20-4D47-858F-494136222867}.Release|Any CPU.Build.0 = Release|Any CPU
		{DB8AAD02-F53A-48EB-8B0D-B7FB5BC7A82C}.Debug|Any CPU.ActiveCfg = Debug|Any CPU
		{DB8AAD02-F53A-48EB-8B0D-B7FB5BC7A82C}.Debug|Any CPU.Build.0 = Debug|Any CPU
		{DB8AAD02-F53A-48EB-8B0D-B7FB5BC7A82C}.Release|Any CPU.ActiveCfg = Release|Any CPU
		{DB8AAD02-F53A-48EB-8B0D-B7FB5BC7A82C}.Release|Any CPU.Build.0 = Release|Any CPU
		{8BAD48ED-7ADF-4201-B588-9DA920E30AE6}.Debug|Any CPU.ActiveCfg = Debug|Any CPU
		{8BAD48ED-7ADF-4201-B588-9DA920E30AE6}.Debug|Any CPU.Build.0 = Debug|Any CPU
		{8BAD48ED-7ADF-4201-B588-9DA920E30AE6}.Release|Any CPU.ActiveCfg = Release|Any CPU
		{8BAD48ED-7ADF-4201-B588-9DA920E30AE6}.Release|Any CPU.Build.0 = Release|Any CPU
		{B490A4C2-D223-4498-840E-56AD209DD4E4}.Debug|Any CPU.ActiveCfg = Debug|Any CPU
		{B490A4C2-D223-4498-840E-56AD209DD4E4}.Debug|Any CPU.Build.0 = Debug|Any CPU
		{B490A4C2-D223-4498-840E-56AD209DD4E4}.Release|Any CPU.ActiveCfg = Release|Any CPU
		{B490A4C2-D223-4498-840E-56AD209DD4E4}.Release|Any CPU.Build.0 = Release|Any CPU
		{A930658A-0F9B-4969-9D7B-CCA255B4B978}.Debug|Any CPU.ActiveCfg = Debug|Any CPU
		{A930658A-0F9B-4969-9D7B-CCA255B4B978}.Debug|Any CPU.Build.0 = Debug|Any CPU
		{A930658A-0F9B-4969-9D7B-CCA255B4B978}.Release|Any CPU.ActiveCfg = Release|Any CPU
		{A930658A-0F9B-4969-9D7B-CCA255B4B978}.Release|Any CPU.Build.0 = Release|Any CPU
		{F41D82DA-DDA1-4ADD-BA76-CAAB2259A5FA}.Debug|Any CPU.ActiveCfg = Debug|Any CPU
		{F41D82DA-DDA1-4ADD-BA76-CAAB2259A5FA}.Debug|Any CPU.Build.0 = Debug|Any CPU
		{F41D82DA-DDA1-4ADD-BA76-CAAB2259A5FA}.Release|Any CPU.ActiveCfg = Release|Any CPU
		{F41D82DA-DDA1-4ADD-BA76-CAAB2259A5FA}.Release|Any CPU.Build.0 = Release|Any CPU
		{D04ADD85-B470-420A-9597-B981DFB1DCD9}.Debug|Any CPU.ActiveCfg = Debug|Any CPU
		{D04ADD85-B470-420A-9597-B981DFB1DCD9}.Debug|Any CPU.Build.0 = Debug|Any CPU
		{D04ADD85-B470-420A-9597-B981DFB1DCD9}.Release|Any CPU.ActiveCfg = Release|Any CPU
		{D04ADD85-B470-420A-9597-B981DFB1DCD9}.Release|Any CPU.Build.0 = Release|Any CPU
		{0140C76C-A753-4D30-91FA-4E7A86AA46F8}.Debug|Any CPU.ActiveCfg = Debug|Any CPU
		{0140C76C-A753-4D30-91FA-4E7A86AA46F8}.Debug|Any CPU.Build.0 = Debug|Any CPU
		{0140C76C-A753-4D30-91FA-4E7A86AA46F8}.Release|Any CPU.ActiveCfg = Release|Any CPU
		{0140C76C-A753-4D30-91FA-4E7A86AA46F8}.Release|Any CPU.Build.0 = Release|Any CPU
		{0242B127-24D0-4A56-A2FD-3964C9A63A1F}.Debug|Any CPU.ActiveCfg = Debug|Any CPU
		{0242B127-24D0-4A56-A2FD-3964C9A63A1F}.Debug|Any CPU.Build.0 = Debug|Any CPU
		{0242B127-24D0-4A56-A2FD-3964C9A63A1F}.Release|Any CPU.ActiveCfg = Release|Any CPU
		{0242B127-24D0-4A56-A2FD-3964C9A63A1F}.Release|Any CPU.Build.0 = Release|Any CPU
		{29EA41C9-7BA6-4B0C-85A6-6444BE7770D3}.Debug|Any CPU.ActiveCfg = Debug|Any CPU
		{29EA41C9-7BA6-4B0C-85A6-6444BE7770D3}.Debug|Any CPU.Build.0 = Debug|Any CPU
		{29EA41C9-7BA6-4B0C-85A6-6444BE7770D3}.Release|Any CPU.ActiveCfg = Release|Any CPU
		{29EA41C9-7BA6-4B0C-85A6-6444BE7770D3}.Release|Any CPU.Build.0 = Release|Any CPU
		{C140F6A3-C25D-42CB-9E86-CDBF966E7FED}.Debug|Any CPU.ActiveCfg = Debug|Any CPU
		{C140F6A3-C25D-42CB-9E86-CDBF966E7FED}.Debug|Any CPU.Build.0 = Debug|Any CPU
		{C140F6A3-C25D-42CB-9E86-CDBF966E7FED}.Release|Any CPU.ActiveCfg = Release|Any CPU
		{C140F6A3-C25D-42CB-9E86-CDBF966E7FED}.Release|Any CPU.Build.0 = Release|Any CPU
		{DF8DCF62-5B5C-4CDA-AD2A-77490877798F}.Debug|Any CPU.ActiveCfg = Debug|Any CPU
		{DF8DCF62-5B5C-4CDA-AD2A-77490877798F}.Debug|Any CPU.Build.0 = Debug|Any CPU
		{DF8DCF62-5B5C-4CDA-AD2A-77490877798F}.Release|Any CPU.ActiveCfg = Release|Any CPU
		{DF8DCF62-5B5C-4CDA-AD2A-77490877798F}.Release|Any CPU.Build.0 = Release|Any CPU
		{1F0A09C8-AC8D-4F7F-9FBD-DAA2704231AA}.Debug|Any CPU.ActiveCfg = Debug|Any CPU
		{1F0A09C8-AC8D-4F7F-9FBD-DAA2704231AA}.Debug|Any CPU.Build.0 = Debug|Any CPU
		{1F0A09C8-AC8D-4F7F-9FBD-DAA2704231AA}.Release|Any CPU.ActiveCfg = Release|Any CPU
		{1F0A09C8-AC8D-4F7F-9FBD-DAA2704231AA}.Release|Any CPU.Build.0 = Release|Any CPU
		{6B436091-58E9-4D89-A233-72755FD78320}.Debug|Any CPU.ActiveCfg = Debug|Any CPU
		{6B436091-58E9-4D89-A233-72755FD78320}.Debug|Any CPU.Build.0 = Debug|Any CPU
		{6B436091-58E9-4D89-A233-72755FD78320}.Release|Any CPU.ActiveCfg = Release|Any CPU
		{6B436091-58E9-4D89-A233-72755FD78320}.Release|Any CPU.Build.0 = Release|Any CPU
		{0775D84D-E7AE-40CC-BC9C-D5C1CB31F2EE}.Debug|Any CPU.ActiveCfg = Debug|Any CPU
		{0775D84D-E7AE-40CC-BC9C-D5C1CB31F2EE}.Debug|Any CPU.Build.0 = Debug|Any CPU
		{0775D84D-E7AE-40CC-BC9C-D5C1CB31F2EE}.Release|Any CPU.ActiveCfg = Release|Any CPU
		{0775D84D-E7AE-40CC-BC9C-D5C1CB31F2EE}.Release|Any CPU.Build.0 = Release|Any CPU
		{7EDE8D32-8F91-48EC-849C-A081E9D74F1A}.Debug|Any CPU.ActiveCfg = Debug|Any CPU
		{7EDE8D32-8F91-48EC-849C-A081E9D74F1A}.Debug|Any CPU.Build.0 = Debug|Any CPU
		{7EDE8D32-8F91-48EC-849C-A081E9D74F1A}.Release|Any CPU.ActiveCfg = Release|Any CPU
		{7EDE8D32-8F91-48EC-849C-A081E9D74F1A}.Release|Any CPU.Build.0 = Release|Any CPU
		{8943A045-8AEE-4E6B-89ED-62339A741D68}.Debug|Any CPU.ActiveCfg = Debug|Any CPU
		{8943A045-8AEE-4E6B-89ED-62339A741D68}.Debug|Any CPU.Build.0 = Debug|Any CPU
		{8943A045-8AEE-4E6B-89ED-62339A741D68}.Release|Any CPU.ActiveCfg = Release|Any CPU
		{8943A045-8AEE-4E6B-89ED-62339A741D68}.Release|Any CPU.Build.0 = Release|Any CPU
		{36B4C6D0-FF0D-479B-9A20-B0622B1E3529}.Debug|Any CPU.ActiveCfg = Debug|Any CPU
		{36B4C6D0-FF0D-479B-9A20-B0622B1E3529}.Debug|Any CPU.Build.0 = Debug|Any CPU
		{36B4C6D0-FF0D-479B-9A20-B0622B1E3529}.Release|Any CPU.ActiveCfg = Release|Any CPU
		{36B4C6D0-FF0D-479B-9A20-B0622B1E3529}.Release|Any CPU.Build.0 = Release|Any CPU
		{B35B115A-ED83-4608-B30E-CF6CCD15AAC6}.Debug|Any CPU.ActiveCfg = Debug|Any CPU
		{B35B115A-ED83-4608-B30E-CF6CCD15AAC6}.Debug|Any CPU.Build.0 = Debug|Any CPU
		{B35B115A-ED83-4608-B30E-CF6CCD15AAC6}.Release|Any CPU.ActiveCfg = Release|Any CPU
		{B35B115A-ED83-4608-B30E-CF6CCD15AAC6}.Release|Any CPU.Build.0 = Release|Any CPU
		{390DD95C-7E9A-4DC6-86C1-531A77DD74F5}.Debug|Any CPU.ActiveCfg = Debug|Any CPU
		{390DD95C-7E9A-4DC6-86C1-531A77DD74F5}.Debug|Any CPU.Build.0 = Debug|Any CPU
		{390DD95C-7E9A-4DC6-86C1-531A77DD74F5}.Release|Any CPU.ActiveCfg = Release|Any CPU
		{390DD95C-7E9A-4DC6-86C1-531A77DD74F5}.Release|Any CPU.Build.0 = Release|Any CPU
		{ADA76036-A1DE-472B-A00F-D9C11E0EFFDC}.Debug|Any CPU.ActiveCfg = Debug|Any CPU
		{ADA76036-A1DE-472B-A00F-D9C11E0EFFDC}.Debug|Any CPU.Build.0 = Debug|Any CPU
		{ADA76036-A1DE-472B-A00F-D9C11E0EFFDC}.Release|Any CPU.ActiveCfg = Release|Any CPU
		{ADA76036-A1DE-472B-A00F-D9C11E0EFFDC}.Release|Any CPU.Build.0 = Release|Any CPU
		{26C512EF-CA61-45C4-A433-2FF2D20E8AC4}.Debug|Any CPU.ActiveCfg = Debug|Any CPU
		{26C512EF-CA61-45C4-A433-2FF2D20E8AC4}.Debug|Any CPU.Build.0 = Debug|Any CPU
		{26C512EF-CA61-45C4-A433-2FF2D20E8AC4}.Release|Any CPU.ActiveCfg = Release|Any CPU
		{26C512EF-CA61-45C4-A433-2FF2D20E8AC4}.Release|Any CPU.Build.0 = Release|Any CPU
	EndGlobalSection
	GlobalSection(NestedProjects) = preSolution
		{CE96D35B-9643-4D9B-8CB9-0D4B39813FF4} = {7570933A-768A-4188-8F6D-40052AD68A38}
		{ECE8C418-9246-4648-837D-FCF1631EDF1F} = {7570933A-768A-4188-8F6D-40052AD68A38}
		{205EE41B-F1F2-4A9A-8C68-03F413A603FB} = {7570933A-768A-4188-8F6D-40052AD68A38}
		{A17A6721-6A20-4D47-858F-494136222867} = {7570933A-768A-4188-8F6D-40052AD68A38}
		{DB8AAD02-F53A-48EB-8B0D-B7FB5BC7A82C} = {62357915-906F-4766-A794-E6A6DD59CF9E}
		{B490A4C2-D223-4498-840E-56AD209DD4E4} = {62357915-906F-4766-A794-E6A6DD59CF9E}
		{A930658A-0F9B-4969-9D7B-CCA255B4B978} = {62357915-906F-4766-A794-E6A6DD59CF9E}
		{F41D82DA-DDA1-4ADD-BA76-CAAB2259A5FA} = {62357915-906F-4766-A794-E6A6DD59CF9E}
		{D04ADD85-B470-420A-9597-B981DFB1DCD9} = {ADB72AE1-027F-4589-A6AB-AD50ADE3F3ED}
		{0140C76C-A753-4D30-91FA-4E7A86AA46F8} = {ADB72AE1-027F-4589-A6AB-AD50ADE3F3ED}
		{0242B127-24D0-4A56-A2FD-3964C9A63A1F} = {ADB72AE1-027F-4589-A6AB-AD50ADE3F3ED}
		{29EA41C9-7BA6-4B0C-85A6-6444BE7770D3} = {ADB72AE1-027F-4589-A6AB-AD50ADE3F3ED}
		{C140F6A3-C25D-42CB-9E86-CDBF966E7FED} = {FB4C8D64-AFA0-48C0-83E0-C55B3F1FE7E0}
		{DF8DCF62-5B5C-4CDA-AD2A-77490877798F} = {FB4C8D64-AFA0-48C0-83E0-C55B3F1FE7E0}
		{1F0A09C8-AC8D-4F7F-9FBD-DAA2704231AA} = {FB4C8D64-AFA0-48C0-83E0-C55B3F1FE7E0}
		{6B436091-58E9-4D89-A233-72755FD78320} = {FB4C8D64-AFA0-48C0-83E0-C55B3F1FE7E0}
		{0775D84D-E7AE-40CC-BC9C-D5C1CB31F2EE} = {3D893769-CDB4-49B7-8694-645B757A6006}
		{7EDE8D32-8F91-48EC-849C-A081E9D74F1A} = {3D893769-CDB4-49B7-8694-645B757A6006}
		{8943A045-8AEE-4E6B-89ED-62339A741D68} = {3D893769-CDB4-49B7-8694-645B757A6006}
		{36B4C6D0-FF0D-479B-9A20-B0622B1E3529} = {3D893769-CDB4-49B7-8694-645B757A6006}
		{B35B115A-ED83-4608-B30E-CF6CCD15AAC6} = {35670B97-8E88-4A57-AA1A-D6AF315928CC}
		{390DD95C-7E9A-4DC6-86C1-531A77DD74F5} = {35670B97-8E88-4A57-AA1A-D6AF315928CC}
		{ADA76036-A1DE-472B-A00F-D9C11E0EFFDC} = {35670B97-8E88-4A57-AA1A-D6AF315928CC}
		{26C512EF-CA61-45C4-A433-2FF2D20E8AC4} = {35670B97-8E88-4A57-AA1A-D6AF315928CC}
	EndGlobalSection
EndGlobal
